
Microsoft Visual Studio Solution File, Format Version 12.00
# Visual Studio 15
VisualStudioVersion = 15.0.28307.1972
MinimumVisualStudioVersion = 10.0.40219.1
Project("{9A19103F-16F7-4668-BE54-9A1E7A4F7556}") = "CarRental_app", "CarRental\CarRental_app.csproj", "{F8BDB57A-BA22-4EF6-87B6-5609CB33A322}"
EndProject
Global
	GlobalSection(SolutionConfigurationPlatforms) = preSolution
		Debug|Any CPU = Debug|Any CPU
		Release|Any CPU = Release|Any CPU
	EndGlobalSection
	GlobalSection(ProjectConfigurationPlatforms) = postSolution
		{F8BDB57A-BA22-4EF6-87B6-5609CB33A322}.Debug|Any CPU.ActiveCfg = Debug|Any CPU
		{F8BDB57A-BA22-4EF6-87B6-5609CB33A322}.Debug|Any CPU.Build.0 = Debug|Any CPU
		{F8BDB57A-BA22-4EF6-87B6-5609CB33A322}.Release|Any CPU.ActiveCfg = Release|Any CPU
		{F8BDB57A-BA22-4EF6-87B6-5609CB33A322}.Release|Any CPU.Build.0 = Release|Any CPU
	EndGlobalSection
	GlobalSection(SolutionProperties) = preSolution
		HideSolutionNode = FALSE
	EndGlobalSection
	GlobalSection(ExtensibilityGlobals) = postSolution
		SolutionGuid = {96062041-23FB-4A21-8784-6CC9D59188DB}
	EndGlobalSection
EndGlobal
